// !$*UTF8*$!
{
	archiveVersion = 1;
	classes = {
	};
	objectVersion = 52;
	objects = {

/* Begin PBXBuildFile section */
		371ECD962609C05000D5ECED /* HorizontalCell.swift in Sources */ = {isa = PBXBuildFile; fileRef = 371ECD952609C05000D5ECED /* HorizontalCell.swift */; };
		371ECD992609C0C500D5ECED /* HorizontalCellVM.swift in Sources */ = {isa = PBXBuildFile; fileRef = 371ECD982609C0C500D5ECED /* HorizontalCellVM.swift */; };
		37245AE426007A4900245971 /* AppDelegate.swift in Sources */ = {isa = PBXBuildFile; fileRef = 37245AE326007A4900245971 /* AppDelegate.swift */; };
		37245AE626007A4900245971 /* SceneDelegate.swift in Sources */ = {isa = PBXBuildFile; fileRef = 37245AE526007A4900245971 /* SceneDelegate.swift */; };
		37245AE826007A4900245971 /* MainController.swift in Sources */ = {isa = PBXBuildFile; fileRef = 37245AE726007A4900245971 /* MainController.swift */; };
		37245AED26007A4B00245971 /* Assets.xcassets in Resources */ = {isa = PBXBuildFile; fileRef = 37245AEC26007A4B00245971 /* Assets.xcassets */; };
		37245AF026007A4B00245971 /* LaunchScreen.storyboard in Resources */ = {isa = PBXBuildFile; fileRef = 37245AEE26007A4B00245971 /* LaunchScreen.storyboard */; };
		37245B2F2603364300245971 /* VerticalCellView.swift in Sources */ = {isa = PBXBuildFile; fileRef = 37245B2E2603364300245971 /* VerticalCellView.swift */; };
		37245B332603385900245971 /* Recipe.swift in Sources */ = {isa = PBXBuildFile; fileRef = 37245B322603385900245971 /* Recipe.swift */; };
		37245B36260339C400245971 /* Observable.swift in Sources */ = {isa = PBXBuildFile; fileRef = 37245B35260339C400245971 /* Observable.swift */; };
		37245B3D2604617100245971 /* SnapKit in Frameworks */ = {isa = PBXBuildFile; productRef = 37245B3C2604617100245971 /* SnapKit */; };
		37245B402604755800245971 /* RecipesViewModel.swift in Sources */ = {isa = PBXBuildFile; fileRef = 37245B3F2604755800245971 /* RecipesViewModel.swift */; };
		37245B4726047C8300245971 /* RecipeDetailController.swift in Sources */ = {isa = PBXBuildFile; fileRef = 37245B4626047C8300245971 /* RecipeDetailController.swift */; };
		37245B4A26049AD200245971 /* RecipeDetailViewModel.swift in Sources */ = {isa = PBXBuildFile; fileRef = 37245B4926049AD200245971 /* RecipeDetailViewModel.swift */; };
		37245B512605F53200245971 /* VerticalCellVM.swift in Sources */ = {isa = PBXBuildFile; fileRef = 37245B502605F53200245971 /* VerticalCellVM.swift */; };
		37245B5C260705EA00245971 /* Kingfisher in Frameworks */ = {isa = PBXBuildFile; productRef = 37245B5B260705EA00245971 /* Kingfisher */; };
		37245B5F2607997500245971 /* UIFactory.swift in Sources */ = {isa = PBXBuildFile; fileRef = 37245B5E2607997400245971 /* UIFactory.swift */; };
		37245B672608879400245971 /* Realm in Frameworks */ = {isa = PBXBuildFile; productRef = 37245B662608879400245971 /* Realm */; };
		37245B692608879400245971 /* RealmSwift in Frameworks */ = {isa = PBXBuildFile; productRef = 37245B682608879400245971 /* RealmSwift */; };
		37245B6C2608D02700245971 /* StorageManager.swift in Sources */ = {isa = PBXBuildFile; fileRef = 37245B6B2608D02600245971 /* StorageManager.swift */; };
/* End PBXBuildFile section */

/* Begin PBXFileReference section */
		371ECD952609C05000D5ECED /* HorizontalCell.swift */ = {isa = PBXFileReference; lastKnownFileType = sourcecode.swift; path = HorizontalCell.swift; sourceTree = "<group>"; };
		371ECD982609C0C500D5ECED /* HorizontalCellVM.swift */ = {isa = PBXFileReference; lastKnownFileType = sourcecode.swift; path = HorizontalCellVM.swift; sourceTree = "<group>"; };
		37245AE026007A4900245971 /* Recipes.app */ = {isa = PBXFileReference; explicitFileType = wrapper.application; includeInIndex = 0; path = Recipes.app; sourceTree = BUILT_PRODUCTS_DIR; };
		37245AE326007A4900245971 /* AppDelegate.swift */ = {isa = PBXFileReference; lastKnownFileType = sourcecode.swift; path = AppDelegate.swift; sourceTree = "<group>"; };
		37245AE526007A4900245971 /* SceneDelegate.swift */ = {isa = PBXFileReference; lastKnownFileType = sourcecode.swift; path = SceneDelegate.swift; sourceTree = "<group>"; };
		37245AE726007A4900245971 /* MainController.swift */ = {isa = PBXFileReference; lastKnownFileType = sourcecode.swift; path = MainController.swift; sourceTree = "<group>"; };
		37245AEC26007A4B00245971 /* Assets.xcassets */ = {isa = PBXFileReference; lastKnownFileType = folder.assetcatalog; path = Assets.xcassets; sourceTree = "<group>"; };
		37245AEF26007A4B00245971 /* Base */ = {isa = PBXFileReference; lastKnownFileType = file.storyboard; name = Base; path = Base.lproj/LaunchScreen.storyboard; sourceTree = "<group>"; };
		37245AF126007A4B00245971 /* Info.plist */ = {isa = PBXFileReference; lastKnownFileType = text.plist.xml; path = Info.plist; sourceTree = "<group>"; };
		37245B2E2603364300245971 /* VerticalCellView.swift */ = {isa = PBXFileReference; lastKnownFileType = sourcecode.swift; path = VerticalCellView.swift; sourceTree = "<group>"; };
		37245B322603385900245971 /* Recipe.swift */ = {isa = PBXFileReference; lastKnownFileType = sourcecode.swift; path = Recipe.swift; sourceTree = "<group>"; };
		37245B35260339C400245971 /* Observable.swift */ = {isa = PBXFileReference; lastKnownFileType = sourcecode.swift; path = Observable.swift; sourceTree = "<group>"; };
		37245B3F2604755800245971 /* RecipesViewModel.swift */ = {isa = PBXFileReference; lastKnownFileType = sourcecode.swift; path = RecipesViewModel.swift; sourceTree = "<group>"; };
		37245B4626047C8300245971 /* RecipeDetailController.swift */ = {isa = PBXFileReference; lastKnownFileType = sourcecode.swift; path = RecipeDetailController.swift; sourceTree = "<group>"; };
		37245B4926049AD200245971 /* RecipeDetailViewModel.swift */ = {isa = PBXFileReference; lastKnownFileType = sourcecode.swift; path = RecipeDetailViewModel.swift; sourceTree = "<group>"; };
		37245B502605F53200245971 /* VerticalCellVM.swift */ = {isa = PBXFileReference; lastKnownFileType = sourcecode.swift; path = VerticalCellVM.swift; sourceTree = "<group>"; };
		37245B5E2607997400245971 /* UIFactory.swift */ = {isa = PBXFileReference; lastKnownFileType = sourcecode.swift; path = UIFactory.swift; sourceTree = "<group>"; };
		37245B6B2608D02600245971 /* StorageManager.swift */ = {isa = PBXFileReference; lastKnownFileType = sourcecode.swift; path = StorageManager.swift; sourceTree = "<group>"; };
/* End PBXFileReference section */

/* Begin PBXFrameworksBuildPhase section */
		37245ADD26007A4900245971 /* Frameworks */ = {
			isa = PBXFrameworksBuildPhase;
			buildActionMask = 2147483647;
			files = (
				37245B692608879400245971 /* RealmSwift in Frameworks */,
				37245B672608879400245971 /* Realm in Frameworks */,
				37245B5C260705EA00245971 /* Kingfisher in Frameworks */,
				37245B3D2604617100245971 /* SnapKit in Frameworks */,
			);
			runOnlyForDeploymentPostprocessing = 0;
		};
/* End PBXFrameworksBuildPhase section */

/* Begin PBXGroup section */
		371ECD9B2609C41400D5ECED /* Cells */ = {
			isa = PBXGroup;
			children = (
				37245B2E2603364300245971 /* VerticalCellView.swift */,
				371ECD952609C05000D5ECED /* HorizontalCell.swift */,
			);
			path = Cells;
			sourceTree = "<group>";
		};
		37245AD726007A4900245971 = {
			isa = PBXGroup;
			children = (
				37245AE226007A4900245971 /* Recipes */,
				37245AE126007A4900245971 /* Products */,
			);
			sourceTree = "<group>";
		};
		37245AE126007A4900245971 /* Products */ = {
			isa = PBXGroup;
			children = (
				37245AE026007A4900245971 /* Recipes.app */,
			);
			name = Products;
			sourceTree = "<group>";
		};
		37245AE226007A4900245971 /* Recipes */ = {
			isa = PBXGroup;
			children = (
				37245B5326063F5E00245971 /* Helper */,
				37245B2D2603360700245971 /* Views */,
				37245B2C2603356600245971 /* ViewModels */,
				37245AE326007A4900245971 /* AppDelegate.swift */,
				37245AE526007A4900245971 /* SceneDelegate.swift */,
				37245B2A2603354A00245971 /* Models */,
				37245B272603349400245971 /* Controllers */,
				37245AEC26007A4B00245971 /* Assets.xcassets */,
				37245AEE26007A4B00245971 /* LaunchScreen.storyboard */,
				37245AF126007A4B00245971 /* Info.plist */,
			);
			path = Recipes;
			sourceTree = "<group>";
		};
		37245B272603349400245971 /* Controllers */ = {
			isa = PBXGroup;
			children = (
				37245AE726007A4900245971 /* MainController.swift */,
				37245B4626047C8300245971 /* RecipeDetailController.swift */,
			);
			path = Controllers;
			sourceTree = "<group>";
		};
		37245B2A2603354A00245971 /* Models */ = {
			isa = PBXGroup;
			children = (
				37245B322603385900245971 /* Recipe.swift */,
				37245B35260339C400245971 /* Observable.swift */,
			);
			path = Models;
			sourceTree = "<group>";
		};
		37245B2C2603356600245971 /* ViewModels */ = {
			isa = PBXGroup;
			children = (
				37245B3F2604755800245971 /* RecipesViewModel.swift */,
				37245B4926049AD200245971 /* RecipeDetailViewModel.swift */,
				37245B502605F53200245971 /* VerticalCellVM.swift */,
				371ECD982609C0C500D5ECED /* HorizontalCellVM.swift */,
			);
			path = ViewModels;
			sourceTree = "<group>";
		};
		37245B2D2603360700245971 /* Views */ = {
			isa = PBXGroup;
			children = (
				371ECD9B2609C41400D5ECED /* Cells */,
			);
			path = Views;
			sourceTree = "<group>";
		};
		37245B5326063F5E00245971 /* Helper */ = {
			isa = PBXGroup;
			children = (
				37245B5E2607997400245971 /* UIFactory.swift */,
				37245B6B2608D02600245971 /* StorageManager.swift */,
			);
			path = Helper;
			sourceTree = "<group>";
		};
/* End PBXGroup section */

/* Begin PBXNativeTarget section */
		37245ADF26007A4900245971 /* Recipes */ = {
			isa = PBXNativeTarget;
			buildConfigurationList = 37245AF426007A4B00245971 /* Build configuration list for PBXNativeTarget "Recipes" */;
			buildPhases = (
				37245ADC26007A4900245971 /* Sources */,
				37245ADD26007A4900245971 /* Frameworks */,
				37245ADE26007A4900245971 /* Resources */,
			);
			buildRules = (
			);
			dependencies = (
			);
			name = Recipes;
			packageProductDependencies = (
				37245B3C2604617100245971 /* SnapKit */,
				37245B5B260705EA00245971 /* Kingfisher */,
				37245B662608879400245971 /* Realm */,
				37245B682608879400245971 /* RealmSwift */,
			);
			productName = Recipes;
			productReference = 37245AE026007A4900245971 /* Recipes.app */;
			productType = "com.apple.product-type.application";
		};
/* End PBXNativeTarget section */

/* Begin PBXProject section */
		37245AD826007A4900245971 /* Project object */ = {
			isa = PBXProject;
			attributes = {
				LastSwiftUpdateCheck = 1230;
				LastUpgradeCheck = 1230;
				TargetAttributes = {
					37245ADF26007A4900245971 = {
						CreatedOnToolsVersion = 12.3;
					};
				};
			};
			buildConfigurationList = 37245ADB26007A4900245971 /* Build configuration list for PBXProject "Recipes" */;
			compatibilityVersion = "Xcode 9.3";
			developmentRegion = en;
			hasScannedForEncodings = 0;
			knownRegions = (
				en,
				Base,
			);
			mainGroup = 37245AD726007A4900245971;
			packageReferences = (
				37245B3B2604617100245971 /* XCRemoteSwiftPackageReference "SnapKit" */,
				37245B5A260705E900245971 /* XCRemoteSwiftPackageReference "Kingfisher" */,
				37245B652608879300245971 /* XCRemoteSwiftPackageReference "realm-cocoa" */,
			);
			productRefGroup = 37245AE126007A4900245971 /* Products */;
			projectDirPath = "";
			projectRoot = "";
			targets = (
				37245ADF26007A4900245971 /* Recipes */,
			);
		};
/* End PBXProject section */

/* Begin PBXResourcesBuildPhase section */
		37245ADE26007A4900245971 /* Resources */ = {
			isa = PBXResourcesBuildPhase;
			buildActionMask = 2147483647;
			files = (
				37245AF026007A4B00245971 /* LaunchScreen.storyboard in Resources */,
				37245AED26007A4B00245971 /* Assets.xcassets in Resources */,
			);
			runOnlyForDeploymentPostprocessing = 0;
		};
/* End PBXResourcesBuildPhase section */

/* Begin PBXSourcesBuildPhase section */
		37245ADC26007A4900245971 /* Sources */ = {
			isa = PBXSourcesBuildPhase;
			buildActionMask = 2147483647;
			files = (
				37245B6C2608D02700245971 /* StorageManager.swift in Sources */,
				37245B5F2607997500245971 /* UIFactory.swift in Sources */,
				37245AE826007A4900245971 /* MainController.swift in Sources */,
				371ECD992609C0C500D5ECED /* HorizontalCellVM.swift in Sources */,
				37245B402604755800245971 /* RecipesViewModel.swift in Sources */,
				37245B36260339C400245971 /* Observable.swift in Sources */,
				37245B4A26049AD200245971 /* RecipeDetailViewModel.swift in Sources */,
				37245B4726047C8300245971 /* RecipeDetailController.swift in Sources */,
				37245B332603385900245971 /* Recipe.swift in Sources */,
				371ECD962609C05000D5ECED /* HorizontalCell.swift in Sources */,
				37245AE426007A4900245971 /* AppDelegate.swift in Sources */,
				37245B2F2603364300245971 /* VerticalCellView.swift in Sources */,
				37245AE626007A4900245971 /* SceneDelegate.swift in Sources */,
				37245B512605F53200245971 /* VerticalCellVM.swift in Sources */,
			);
			runOnlyForDeploymentPostprocessing = 0;
		};
/* End PBXSourcesBuildPhase section */

/* Begin PBXVariantGroup section */
		37245AEE26007A4B00245971 /* LaunchScreen.storyboard */ = {
			isa = PBXVariantGroup;
			children = (
				37245AEF26007A4B00245971 /* Base */,
			);
			name = LaunchScreen.storyboard;
			sourceTree = "<group>";
		};
/* End PBXVariantGroup section */

/* Begin XCBuildConfiguration section */
		37245AF226007A4B00245971 /* Debug */ = {
			isa = XCBuildConfiguration;
			buildSettings = {
				ALWAYS_SEARCH_USER_PATHS = NO;
				CLANG_ANALYZER_NONNULL = YES;
				CLANG_ANALYZER_NUMBER_OBJECT_CONVERSION = YES_AGGRESSIVE;
				CLANG_CXX_LANGUAGE_STANDARD = "gnu++14";
				CLANG_CXX_LIBRARY = "libc++";
				CLANG_ENABLE_MODULES = YES;
				CLANG_ENABLE_OBJC_ARC = YES;
				CLANG_ENABLE_OBJC_WEAK = YES;
				CLANG_WARN_BLOCK_CAPTURE_AUTORELEASING = YES;
				CLANG_WARN_BOOL_CONVERSION = YES;
				CLANG_WARN_COMMA = YES;
				CLANG_WARN_CONSTANT_CONVERSION = YES;
				CLANG_WARN_DEPRECATED_OBJC_IMPLEMENTATIONS = YES;
				CLANG_WARN_DIRECT_OBJC_ISA_USAGE = YES_ERROR;
				CLANG_WARN_DOCUMENTATION_COMMENTS = YES;
				CLANG_WARN_EMPTY_BODY = YES;
				CLANG_WARN_ENUM_CONVERSION = YES;
				CLANG_WARN_INFINITE_RECURSION = YES;
				CLANG_WARN_INT_CONVERSION = YES;
				CLANG_WARN_NON_LITERAL_NULL_CONVERSION = YES;
				CLANG_WARN_OBJC_IMPLICIT_RETAIN_SELF = YES;
				CLANG_WARN_OBJC_LITERAL_CONVERSION = YES;
				CLANG_WARN_OBJC_ROOT_CLASS = YES_ERROR;
				CLANG_WARN_QUOTED_INCLUDE_IN_FRAMEWORK_HEADER = YES;
				CLANG_WARN_RANGE_LOOP_ANALYSIS = YES;
				CLANG_WARN_STRICT_PROTOTYPES = YES;
				CLANG_WARN_SUSPICIOUS_MOVE = YES;
				CLANG_WARN_UNGUARDED_AVAILABILITY = YES_AGGRESSIVE;
				CLANG_WARN_UNREACHABLE_CODE = YES;
				CLANG_WARN__DUPLICATE_METHOD_MATCH = YES;
				COPY_PHASE_STRIP = NO;
				DEBUG_INFORMATION_FORMAT = dwarf;
				ENABLE_STRICT_OBJC_MSGSEND = YES;
				ENABLE_TESTABILITY = YES;
				GCC_C_LANGUAGE_STANDARD = gnu11;
				GCC_DYNAMIC_NO_PIC = NO;
				GCC_NO_COMMON_BLOCKS = YES;
				GCC_OPTIMIZATION_LEVEL = 0;
				GCC_PREPROCESSOR_DEFINITIONS = (
					"DEBUG=1",
					"$(inherited)",
				);
				GCC_WARN_64_TO_32_BIT_CONVERSION = YES;
				GCC_WARN_ABOUT_RETURN_TYPE = YES_ERROR;
				GCC_WARN_UNDECLARED_SELECTOR = YES;
				GCC_WARN_UNINITIALIZED_AUTOS = YES_AGGRESSIVE;
				GCC_WARN_UNUSED_FUNCTION = YES;
				GCC_WARN_UNUSED_VARIABLE = YES;
				IPHONEOS_DEPLOYMENT_TARGET = 14.3;
				MTL_ENABLE_DEBUG_INFO = INCLUDE_SOURCE;
				MTL_FAST_MATH = YES;
				ONLY_ACTIVE_ARCH = YES;
				SDKROOT = iphoneos;
				SWIFT_ACTIVE_COMPILATION_CONDITIONS = DEBUG;
				SWIFT_OPTIMIZATION_LEVEL = "-Onone";
			};
			name = Debug;
		};
		37245AF326007A4B00245971 /* Release */ = {
			isa = XCBuildConfiguration;
			buildSettings = {
				ALWAYS_SEARCH_USER_PATHS = NO;
				CLANG_ANALYZER_NONNULL = YES;
				CLANG_ANALYZER_NUMBER_OBJECT_CONVERSION = YES_AGGRESSIVE;
				CLANG_CXX_LANGUAGE_STANDARD = "gnu++14";
				CLANG_CXX_LIBRARY = "libc++";
				CLANG_ENABLE_MODULES = YES;
				CLANG_ENABLE_OBJC_ARC = YES;
				CLANG_ENABLE_OBJC_WEAK = YES;
				CLANG_WARN_BLOCK_CAPTURE_AUTORELEASING = YES;
				CLANG_WARN_BOOL_CONVERSION = YES;
				CLANG_WARN_COMMA = YES;
				CLANG_WARN_CONSTANT_CONVERSION = YES;
				CLANG_WARN_DEPRECATED_OBJC_IMPLEMENTATIONS = YES;
				CLANG_WARN_DIRECT_OBJC_ISA_USAGE = YES_ERROR;
				CLANG_WARN_DOCUMENTATION_COMMENTS = YES;
				CLANG_WARN_EMPTY_BODY = YES;
				CLANG_WARN_ENUM_CONVERSION = YES;
				CLANG_WARN_INFINITE_RECURSION = YES;
				CLANG_WARN_INT_CONVERSION = YES;
				CLANG_WARN_NON_LITERAL_NULL_CONVERSION = YES;
				CLANG_WARN_OBJC_IMPLICIT_RETAIN_SELF = YES;
				CLANG_WARN_OBJC_LITERAL_CONVERSION = YES;
				CLANG_WARN_OBJC_ROOT_CLASS = YES_ERROR;
				CLANG_WARN_QUOTED_INCLUDE_IN_FRAMEWORK_HEADER = YES;
				CLANG_WARN_RANGE_LOOP_ANALYSIS = YES;
				CLANG_WARN_STRICT_PROTOTYPES = YES;
				CLANG_WARN_SUSPICIOUS_MOVE = YES;
				CLANG_WARN_UNGUARDED_AVAILABILITY = YES_AGGRESSIVE;
				CLANG_WARN_UNREACHABLE_CODE = YES;
				CLANG_WARN__DUPLICATE_METHOD_MATCH = YES;
				COPY_PHASE_STRIP = NO;
				DEBUG_INFORMATION_FORMAT = "dwarf-with-dsym";
				ENABLE_NS_ASSERTIONS = NO;
				ENABLE_STRICT_OBJC_MSGSEND = YES;
				GCC_C_LANGUAGE_STANDARD = gnu11;
				GCC_NO_COMMON_BLOCKS = YES;
				GCC_WARN_64_TO_32_BIT_CONVERSION = YES;
				GCC_WARN_ABOUT_RETURN_TYPE = YES_ERROR;
				GCC_WARN_UNDECLARED_SELECTOR = YES;
				GCC_WARN_UNINITIALIZED_AUTOS = YES_AGGRESSIVE;
				GCC_WARN_UNUSED_FUNCTION = YES;
				GCC_WARN_UNUSED_VARIABLE = YES;
				IPHONEOS_DEPLOYMENT_TARGET = 14.3;
				MTL_ENABLE_DEBUG_INFO = NO;
				MTL_FAST_MATH = YES;
				SDKROOT = iphoneos;
				SWIFT_COMPILATION_MODE = wholemodule;
				SWIFT_OPTIMIZATION_LEVEL = "-O";
				VALIDATE_PRODUCT = YES;
			};
			name = Release;
		};
		37245AF526007A4B00245971 /* Debug */ = {
			isa = XCBuildConfiguration;
			buildSettings = {
				ASSETCATALOG_COMPILER_APPICON_NAME = AppIcon;
				ASSETCATALOG_COMPILER_GLOBAL_ACCENT_COLOR_NAME = AccentColor;
				CODE_SIGN_STYLE = Automatic;
				DEVELOPMENT_TEAM = 5Q5QZZ9XSR;
				INFOPLIST_FILE = Recipes/Info.plist;
				IPHONEOS_DEPLOYMENT_TARGET = 13.0;
				LD_RUNPATH_SEARCH_PATHS = (
					"$(inherited)",
					"@executable_path/Frameworks",
				);
				PRODUCT_BUNDLE_IDENTIFIER = boyko.gri.Recipes;
				PRODUCT_NAME = "$(TARGET_NAME)";
				SWIFT_VERSION = 5.0;
				TARGETED_DEVICE_FAMILY = 1;
			};
			name = Debug;
		};
		37245AF626007A4B00245971 /* Release */ = {
			isa = XCBuildConfiguration;
			buildSettings = {
				ASSETCATALOG_COMPILER_APPICON_NAME = AppIcon;
				ASSETCATALOG_COMPILER_GLOBAL_ACCENT_COLOR_NAME = AccentColor;
				CODE_SIGN_STYLE = Automatic;
				DEVELOPMENT_TEAM = 5Q5QZZ9XSR;
				INFOPLIST_FILE = Recipes/Info.plist;
				IPHONEOS_DEPLOYMENT_TARGET = 13.0;
				LD_RUNPATH_SEARCH_PATHS = (
					"$(inherited)",
					"@executable_path/Frameworks",
				);
				PRODUCT_BUNDLE_IDENTIFIER = boyko.gri.Recipes;
				PRODUCT_NAME = "$(TARGET_NAME)";
				SWIFT_VERSION = 5.0;
				TARGETED_DEVICE_FAMILY = 1;
			};
			name = Release;
		};
/* End XCBuildConfiguration section */

/* Begin XCConfigurationList section */
		37245ADB26007A4900245971 /* Build configuration list for PBXProject "Recipes" */ = {
			isa = XCConfigurationList;
			buildConfigurations = (
				37245AF226007A4B00245971 /* Debug */,
				37245AF326007A4B00245971 /* Release */,
			);
			defaultConfigurationIsVisible = 0;
			defaultConfigurationName = Release;
		};
		37245AF426007A4B00245971 /* Build configuration list for PBXNativeTarget "Recipes" */ = {
			isa = XCConfigurationList;
			buildConfigurations = (
				37245AF526007A4B00245971 /* Debug */,
				37245AF626007A4B00245971 /* Release */,
			);
			defaultConfigurationIsVisible = 0;
			defaultConfigurationName = Release;
		};
/* End XCConfigurationList section */

/* Begin XCRemoteSwiftPackageReference section */
		37245B3B2604617100245971 /* XCRemoteSwiftPackageReference "SnapKit" */ = {
			isa = XCRemoteSwiftPackageReference;
			repositoryURL = "https://github.com/SnapKit/SnapKit.git";
			requirement = {
				kind = upToNextMajorVersion;
				minimumVersion = 5.0.1;
			};
		};
		37245B5A260705E900245971 /* XCRemoteSwiftPackageReference "Kingfisher" */ = {
			isa = XCRemoteSwiftPackageReference;
			repositoryURL = "https://github.com/onevcat/Kingfisher.git";
			requirement = {
				kind = upToNextMajorVersion;
				minimumVersion = 6.2.1;
			};
		};
		37245B652608879300245971 /* XCRemoteSwiftPackageReference "realm-cocoa" */ = {
			isa = XCRemoteSwiftPackageReference;
			repositoryURL = "https://github.com/realm/realm-cocoa.git";
			requirement = {
				kind = upToNextMajorVersion;
				minimumVersion = 10.7.2;
			};
		};
/* End XCRemoteSwiftPackageReference section */

/* Begin XCSwiftPackageProductDependency section */
		37245B3C2604617100245971 /* SnapKit */ = {
			isa = XCSwiftPackageProductDependency;
			package = 37245B3B2604617100245971 /* XCRemoteSwiftPackageReference "SnapKit" */;
			productName = SnapKit;
		};
		37245B5B260705EA00245971 /* Kingfisher */ = {
			isa = XCSwiftPackageProductDependency;
			package = 37245B5A260705E900245971 /* XCRemoteSwiftPackageReference "Kingfisher" */;
			productName = Kingfisher;
		};
		37245B662608879400245971 /* Realm */ = {
			isa = XCSwiftPackageProductDependency;
			package = 37245B652608879300245971 /* XCRemoteSwiftPackageReference "realm-cocoa" */;
			productName = Realm;
		};
		37245B682608879400245971 /* RealmSwift */ = {
			isa = XCSwiftPackageProductDependency;
			package = 37245B652608879300245971 /* XCRemoteSwiftPackageReference "realm-cocoa" */;
			productName = RealmSwift;
		};
/* End XCSwiftPackageProductDependency section */
	};
	rootObject = 37245AD826007A4900245971 /* Project object */;
}
